{
    "version": 3,
    "terraform_version": "0.11.13",
    "serial": 52,
    "lineage": "dad4f4a9-c3bb-aafa-90d4-5c0e2a79d04a",
    "modules": [
        {
            "path": [
                "root"
            ],
            "outputs": {
                "consul_address": {
                    "sensitive": false,
                    "type": "string",
                    "value": "mattspeters-benchmark-consul-elb-2133030412.us-east-1.elb.amazonaws.com"
                },
                "vault_address": {
                    "sensitive": false,
                    "type": "string",
                    "value": "mattspeters-benchmark-vault-elb-1474294558.us-east-1.elb.amazonaws.com"
                },
                "vault_elb_security_group": {
                    "sensitive": false,
                    "type": "string",
                    "value": "sg-0e1b80273f146cbee"
                },
                "vault_security_group": {
                    "sensitive": false,
                    "type": "string",
                    "value": "sg-0adbecd939f0bb8f8"
                }
            },
            "resources": {
                "aws_autoscaling_group.consul": {
                    "type": "aws_autoscaling_group",
                    "depends_on": [
                        "aws_autoscaling_group.vault",
                        "aws_elb.consul",
                        "aws_launch_configuration.consul"
                    ],
                    "primary": {
                        "id": "mattspeters-benchmark-consul20190627022029927700000003",
                        "attributes": {
                            "arn": "arn:aws:autoscaling:us-east-1:753646501470:autoScalingGroup:9620c654-291b-455a-b433-90bf5d39da99:autoScalingGroupName/mattspeters-benchmark-consul20190627022029927700000003",
                            "availability_zones.#": "1",
                            "availability_zones.1252502072": "us-east-1f",
                            "default_cooldown": "300",
                            "desired_capacity": "5",
                            "enabled_metrics.#": "0",
                            "force_delete": "false",
                            "health_check_grace_period": "15",
                            "health_check_type": "EC2",
                            "id": "mattspeters-benchmark-consul20190627022029927700000003",
                            "launch_configuration": "mattspeters-benchmark-consul20190627022029927700000003",
                            "launch_template.#": "0",
                            "load_balancers.#": "1",
                            "load_balancers.3043836973": "mattspeters-benchmark-consul-elb",
                            "max_size": "5",
                            "metrics_granularity": "1Minute",
                            "min_size": "5",
                            "mixed_instances_policy.#": "0",
                            "name": "mattspeters-benchmark-consul20190627022029927700000003",
                            "placement_group": "",
                            "protect_from_scale_in": "false",
                            "service_linked_role_arn": "arn:aws:iam::753646501470:role/aws-service-role/autoscaling.amazonaws.com/AWSServiceRoleForAutoScaling",
                            "suspended_processes.#": "0",
                            "tags.#": "4",
                            "tags.0.%": "3",
                            "tags.0.key": "Name",
                            "tags.0.propagate_at_launch": "1",
                            "tags.0.value": "mattspeters-benchmark-consul",
                            "tags.1.%": "3",
                            "tags.1.key": "ConsulAutoJoin",
                            "tags.1.propagate_at_launch": "1",
                            "tags.1.value": "matts-benchmark-cluster",
                            "tags.2.%": "3",
                            "tags.2.key": "owner",
                            "tags.2.propagate_at_launch": "1",
                            "tags.2.value": "mpeters@hashicorp.com",
                            "tags.3.%": "3",
                            "tags.3.key": "ttl",
                            "tags.3.propagate_at_launch": "1",
                            "tags.3.value": "-1",
                            "target_group_arns.#": "0",
                            "termination_policies.#": "0",
                            "vpc_zone_identifier.#": "1",
                            "vpc_zone_identifier.2122582005": "subnet-004b0106fca7dea1c",
                            "wait_for_capacity_timeout": "10m"
                        },
                        "meta": {
                            "e2bfb730-ecaa-11e6-8f88-34363bc7c4c0": {
                                "delete": 600000000000
                            }
                        },
                        "tainted": false
                    },
                    "deposed": [],
                    "provider": "provider.aws"
                },
                "aws_autoscaling_group.vault": {
                    "type": "aws_autoscaling_group",
                    "depends_on": [
                        "aws_elb.vault",
                        "aws_launch_configuration.vault"
                    ],
                    "primary": {
                        "id": "mattspeters-benchmark-vault20190627022031485000000004",
                        "attributes": {
                            "arn": "arn:aws:autoscaling:us-east-1:753646501470:autoScalingGroup:e578c8b8-6d89-4716-b41a-f827bfa6656d:autoScalingGroupName/mattspeters-benchmark-vault20190627022031485000000004",
                            "availability_zones.#": "1",
                            "availability_zones.1252502072": "us-east-1f",
                            "default_cooldown": "300",
                            "desired_capacity": "5",
                            "enabled_metrics.#": "0",
                            "force_delete": "false",
                            "health_check_grace_period": "15",
                            "health_check_type": "EC2",
                            "id": "mattspeters-benchmark-vault20190627022031485000000004",
                            "launch_configuration": "mattspeters-benchmark-vault20190627022031485000000004",
                            "launch_template.#": "0",
                            "load_balancers.#": "1",
                            "load_balancers.2153667921": "mattspeters-benchmark-vault-elb",
                            "max_size": "5",
                            "metrics_granularity": "1Minute",
                            "min_size": "1",
                            "mixed_instances_policy.#": "0",
                            "name": "mattspeters-benchmark-vault20190627022031485000000004",
                            "placement_group": "",
                            "protect_from_scale_in": "false",
                            "service_linked_role_arn": "arn:aws:iam::753646501470:role/aws-service-role/autoscaling.amazonaws.com/AWSServiceRoleForAutoScaling",
                            "suspended_processes.#": "0",
                            "tags.#": "4",
                            "tags.0.%": "3",
                            "tags.0.key": "Name",
                            "tags.0.propagate_at_launch": "1",
                            "tags.0.value": "mattspeters-benchmark-vault",
                            "tags.1.%": "3",
                            "tags.1.key": "ConsulAutoJoin",
                            "tags.1.propagate_at_launch": "1",
                            "tags.1.value": "matts-benchmark-cluster",
                            "tags.2.%": "3",
                            "tags.2.key": "owner",
                            "tags.2.propagate_at_launch": "1",
                            "tags.2.value": "mpeters@hashicorp.com",
                            "tags.3.%": "3",
                            "tags.3.key": "ttl",
                            "tags.3.propagate_at_launch": "1",
                            "tags.3.value": "-1",
                            "target_group_arns.#": "0",
                            "termination_policies.#": "0",
                            "vpc_zone_identifier.#": "1",
                            "vpc_zone_identifier.2122582005": "subnet-004b0106fca7dea1c",
                            "wait_for_capacity_timeout": "10m"
                        },
                        "meta": {
                            "e2bfb730-ecaa-11e6-8f88-34363bc7c4c0": {
                                "delete": 600000000000
                            }
                        },
                        "tainted": false
                    },
                    "deposed": [],
                    "provider": "provider.aws"
                },
                "aws_elb.consul": {
                    "type": "aws_elb",
                    "depends_on": [
                        "aws_security_group.vault_elb"
                    ],
                    "primary": {
                        "id": "mattspeters-benchmark-consul-elb",
                        "attributes": {
                            "access_logs.#": "0",
                            "arn": "arn:aws:elasticloadbalancing:us-east-1:753646501470:loadbalancer/mattspeters-benchmark-consul-elb",
                            "availability_zones.#": "1",
                            "availability_zones.1252502072": "us-east-1f",
                            "connection_draining": "true",
                            "connection_draining_timeout": "400",
                            "cross_zone_load_balancing": "true",
                            "dns_name": "mattspeters-benchmark-consul-elb-2133030412.us-east-1.elb.amazonaws.com",
                            "health_check.#": "1",
                            "health_check.0.healthy_threshold": "2",
                            "health_check.0.interval": "15",
                            "health_check.0.target": "HTTP:8500/v1/agent/self",
                            "health_check.0.timeout": "5",
                            "health_check.0.unhealthy_threshold": "3",
                            "id": "mattspeters-benchmark-consul-elb",
                            "idle_timeout": "60",
                            "instances.#": "5",
                            "instances.2531982892": "i-0e83c4fb6beff089a",
                            "instances.2566122112": "i-078a4e5d35afcfb8e",
                            "instances.3456684958": "i-0fa69c1a4bd6c2d0f",
                            "instances.643992818": "i-0faa1ba4fcd90577d",
                            "instances.661850195": "i-03678c0977b96db29",
                            "internal": "false",
                            "listener.#": "1",
                            "listener.2033361049.instance_port": "8500",
                            "listener.2033361049.instance_protocol": "tcp",
                            "listener.2033361049.lb_port": "8500",
                            "listener.2033361049.lb_protocol": "tcp",
                            "listener.2033361049.ssl_certificate_id": "",
                            "name": "mattspeters-benchmark-consul-elb",
                            "security_groups.#": "1",
                            "security_groups.3366648932": "sg-0e1b80273f146cbee",
                            "source_security_group": "753646501470/mattspeters-benchmark-vault-elb",
                            "source_security_group_id": "sg-0e1b80273f146cbee",
                            "subnets.#": "1",
                            "subnets.2122582005": "subnet-004b0106fca7dea1c",
                            "tags.%": "0",
                            "zone_id": "Z35SXDOTRQ7X7K"
                        },
                        "meta": {},
                        "tainted": false
                    },
                    "deposed": [],
                    "provider": "provider.aws"
                },
                "aws_elb.vault": {
                    "type": "aws_elb",
                    "depends_on": [
                        "aws_security_group.vault_elb"
                    ],
                    "primary": {
                        "id": "mattspeters-benchmark-vault-elb",
                        "attributes": {
                            "access_logs.#": "0",
                            "arn": "arn:aws:elasticloadbalancing:us-east-1:753646501470:loadbalancer/mattspeters-benchmark-vault-elb",
                            "availability_zones.#": "1",
                            "availability_zones.1252502072": "us-east-1f",
                            "connection_draining": "true",
                            "connection_draining_timeout": "400",
                            "cross_zone_load_balancing": "true",
                            "dns_name": "mattspeters-benchmark-vault-elb-1474294558.us-east-1.elb.amazonaws.com",
                            "health_check.#": "1",
                            "health_check.0.healthy_threshold": "2",
                            "health_check.0.interval": "15",
                            "health_check.0.target": "HTTP:8200/v1/sys/health?standbyok=true\u0026perfstandbyok=true",
                            "health_check.0.timeout": "5",
                            "health_check.0.unhealthy_threshold": "3",
                            "id": "mattspeters-benchmark-vault-elb",
                            "idle_timeout": "60",
                            "instances.#": "4",
                            "instances.3082446635": "i-0b0bc001b1da22f1c",
                            "instances.3176827043": "i-0edaf50fba8e77004",
                            "instances.3928127344": "i-00dc0799a783d97c8",
                            "instances.791051118": "i-0ff669f123b543985",
                            "internal": "false",
                            "listener.#": "1",
                            "listener.4236101428.instance_port": "8200",
                            "listener.4236101428.instance_protocol": "tcp",
                            "listener.4236101428.lb_port": "8200",
                            "listener.4236101428.lb_protocol": "tcp",
                            "listener.4236101428.ssl_certificate_id": "",
                            "name": "mattspeters-benchmark-vault-elb",
                            "security_groups.#": "1",
                            "security_groups.3366648932": "sg-0e1b80273f146cbee",
                            "source_security_group": "753646501470/mattspeters-benchmark-vault-elb",
                            "source_security_group_id": "sg-0e1b80273f146cbee",
                            "subnets.#": "1",
                            "subnets.2122582005": "subnet-004b0106fca7dea1c",
                            "tags.%": "0",
                            "zone_id": "Z35SXDOTRQ7X7K"
                        },
                        "meta": {},
                        "tainted": false
                    },
                    "deposed": [],
                    "provider": "provider.aws"
                },
                "aws_iam_instance_profile.instance_profile": {
                    "type": "aws_iam_instance_profile",
                    "depends_on": [
                        "aws_iam_role.instance_role"
                    ],
                    "primary": {
                        "id": "mattspeters-benchmark-vault20190627022026904000000002",
                        "attributes": {
                            "arn": "arn:aws:iam::753646501470:instance-profile/mattspeters-benchmark-vault20190627022026904000000002",
                            "create_date": "2019-06-27T02:20:27Z",
                            "id": "mattspeters-benchmark-vault20190627022026904000000002",
                            "name": "mattspeters-benchmark-vault20190627022026904000000002",
                            "name_prefix": "mattspeters-benchmark-vault",
                            "path": "/",
                            "role": "mattspeters-benchmark-vault20190627022026304400000001",
                            "roles.#": "1",
                            "roles.270682776": "mattspeters-benchmark-vault20190627022026304400000001",
                            "unique_id": "AIPA266GU7ZPMUJFQ7XX3"
                        },
                        "meta": {},
                        "tainted": false
                    },
                    "deposed": [],
                    "provider": "provider.aws"
                },
                "aws_iam_role.instance_role": {
                    "type": "aws_iam_role",
                    "depends_on": [
                        "data.aws_iam_policy_document.instance_role"
                    ],
                    "primary": {
                        "id": "mattspeters-benchmark-vault20190627022026304400000001",
                        "attributes": {
                            "arn": "arn:aws:iam::753646501470:role/mattspeters-benchmark-vault20190627022026304400000001",
                            "assume_role_policy": "{\"Version\":\"2012-10-17\",\"Statement\":[{\"Sid\":\"\",\"Effect\":\"Allow\",\"Principal\":{\"Service\":\"ec2.amazonaws.com\"},\"Action\":\"sts:AssumeRole\"}]}",
                            "create_date": "2019-06-27T02:20:26Z",
                            "description": "",
                            "force_detach_policies": "false",
                            "id": "mattspeters-benchmark-vault20190627022026304400000001",
                            "max_session_duration": "3600",
                            "name": "mattspeters-benchmark-vault20190627022026304400000001",
                            "name_prefix": "mattspeters-benchmark-vault",
                            "path": "/",
                            "tags.%": "0",
                            "unique_id": "AROA266GU7ZPLWQRNO6XD"
                        },
                        "meta": {},
                        "tainted": false
                    },
                    "deposed": [],
                    "provider": "provider.aws"
                },
                "aws_iam_role_policy.auto_discover_cluster": {
                    "type": "aws_iam_role_policy",
                    "depends_on": [
                        "aws_iam_role.instance_role",
                        "data.aws_iam_policy_document.auto_discover_cluster"
                    ],
                    "primary": {
                        "id": "mattspeters-benchmark-vault20190627022026304400000001:mattspeters-benchmark-vault-auto-discover-cluster",
                        "attributes": {
                            "id": "mattspeters-benchmark-vault20190627022026304400000001:mattspeters-benchmark-vault-auto-discover-cluster",
                            "name": "mattspeters-benchmark-vault-auto-discover-cluster",
                            "policy": "{\n  \"Version\": \"2012-10-17\",\n  \"Statement\": [\n    {\n      \"Sid\": \"\",\n      \"Effect\": \"Allow\",\n      \"Action\": \"ec2:DescribeInstances\",\n      \"Resource\": \"*\"\n    }\n  ]\n}",
                            "role": "mattspeters-benchmark-vault20190627022026304400000001"
                        },
                        "meta": {},
                        "tainted": false
                    },
                    "deposed": [],
                    "provider": "provider.aws"
                },
                "aws_launch_configuration.consul": {
                    "type": "aws_launch_configuration",
                    "depends_on": [
                        "aws_iam_instance_profile.instance_profile",
                        "aws_security_group.vault",
                        "data.template_file.install_consul"
                    ],
                    "primary": {
                        "id": "mattspeters-benchmark-consul20190627022029927700000003",
                        "attributes": {
                            "associate_public_ip_address": "true",
                            "ebs_block_device.#": "0",
                            "ebs_optimized": "false",
                            "enable_monitoring": "true",
                            "ephemeral_block_device.#": "0",
                            "iam_instance_profile": "mattspeters-benchmark-vault20190627022026904000000002",
                            "id": "mattspeters-benchmark-consul20190627022029927700000003",
                            "image_id": "ami-6871a115",
                            "instance_type": "c5d.2xlarge",
                            "key_name": "mattpeters",
                            "name": "mattspeters-benchmark-consul20190627022029927700000003",
                            "name_prefix": "mattspeters-benchmark-consul",
                            "root_block_device.#": "1",
                            "root_block_device.0.delete_on_termination": "true",
                            "root_block_device.0.iops": "5000",
                            "root_block_device.0.volume_size": "100",
                            "root_block_device.0.volume_type": "io1",
                            "security_groups.#": "1",
                            "security_groups.4044537274": "sg-0adbecd939f0bb8f8",
                            "spot_price": "",
                            "user_data": "e9b61302454e8ab307cee70863f4bfe7adb9aa76",
                            "vpc_classic_link_id": "",
                            "vpc_classic_link_security_groups.#": "0"
                        },
                        "meta": {},
                        "tainted": false
                    },
                    "deposed": [],
                    "provider": "provider.aws"
                },
                "aws_launch_configuration.vault": {
                    "type": "aws_launch_configuration",
                    "depends_on": [
                        "aws_iam_instance_profile.instance_profile",
                        "aws_security_group.vault",
                        "data.template_file.install_vault"
                    ],
                    "primary": {
                        "id": "mattspeters-benchmark-vault20190627022031485000000004",
                        "attributes": {
                            "associate_public_ip_address": "true",
                            "ebs_block_device.#": "0",
                            "ebs_optimized": "false",
                            "enable_monitoring": "true",
                            "ephemeral_block_device.#": "0",
                            "iam_instance_profile": "mattspeters-benchmark-vault20190627022026904000000002",
                            "id": "mattspeters-benchmark-vault20190627022031485000000004",
                            "image_id": "ami-6871a115",
                            "instance_type": "c5d.2xlarge",
                            "key_name": "mattpeters",
                            "name": "mattspeters-benchmark-vault20190627022031485000000004",
                            "name_prefix": "mattspeters-benchmark-vault",
                            "root_block_device.#": "1",
                            "root_block_device.0.delete_on_termination": "true",
                            "root_block_device.0.iops": "2500",
                            "root_block_device.0.volume_size": "50",
                            "root_block_device.0.volume_type": "io1",
                            "security_groups.#": "1",
                            "security_groups.4044537274": "sg-0adbecd939f0bb8f8",
                            "spot_price": "",
                            "user_data": "b9f991be6457b54f2e8200409d2b8f391c726c44",
                            "vpc_classic_link_id": "",
                            "vpc_classic_link_security_groups.#": "0"
                        },
                        "meta": {},
                        "tainted": false
                    },
                    "deposed": [],
                    "provider": "provider.aws"
                },
                "aws_security_group.vault": {
                    "type": "aws_security_group",
                    "depends_on": [],
                    "primary": {
                        "id": "sg-0adbecd939f0bb8f8",
                        "attributes": {
                            "arn": "arn:aws:ec2:us-east-1:753646501470:security-group/sg-0adbecd939f0bb8f8",
                            "description": "Vault servers",
                            "egress.#": "2",
                            "egress.2617001939.cidr_blocks.#": "1",
                            "egress.2617001939.cidr_blocks.0": "0.0.0.0/0",
                            "egress.2617001939.description": "",
                            "egress.2617001939.from_port": "443",
                            "egress.2617001939.ipv6_cidr_blocks.#": "0",
                            "egress.2617001939.prefix_list_ids.#": "0",
                            "egress.2617001939.protocol": "tcp",
                            "egress.2617001939.security_groups.#": "0",
                            "egress.2617001939.self": "false",
                            "egress.2617001939.to_port": "443",
                            "egress.4093025751.cidr_blocks.#": "0",
                            "egress.4093025751.description": "",
                            "egress.4093025751.from_port": "8200",
                            "egress.4093025751.ipv6_cidr_blocks.#": "0",
                            "egress.4093025751.prefix_list_ids.#": "0",
                            "egress.4093025751.protocol": "tcp",
                            "egress.4093025751.security_groups.#": "0",
                            "egress.4093025751.self": "true",
                            "egress.4093025751.to_port": "8600",
                            "id": "sg-0adbecd939f0bb8f8",
                            "ingress.#": "9",
                            "ingress.102060163.cidr_blocks.#": "0",
                            "ingress.102060163.description": "",
                            "ingress.102060163.from_port": "8500",
                            "ingress.102060163.ipv6_cidr_blocks.#": "0",
                            "ingress.102060163.prefix_list_ids.#": "0",
                            "ingress.102060163.protocol": "tcp",
                            "ingress.102060163.security_groups.#": "1",
                            "ingress.102060163.security_groups.3366648932": "sg-0e1b80273f146cbee",
                            "ingress.102060163.self": "false",
                            "ingress.102060163.to_port": "8500",
                            "ingress.1554626832.cidr_blocks.#": "0",
                            "ingress.1554626832.description": "",
                            "ingress.1554626832.from_port": "8201",
                            "ingress.1554626832.ipv6_cidr_blocks.#": "0",
                            "ingress.1554626832.prefix_list_ids.#": "0",
                            "ingress.1554626832.protocol": "tcp",
                            "ingress.1554626832.security_groups.#": "0",
                            "ingress.1554626832.self": "true",
                            "ingress.1554626832.to_port": "8201",
                            "ingress.2541437006.cidr_blocks.#": "1",
                            "ingress.2541437006.cidr_blocks.0": "0.0.0.0/0",
                            "ingress.2541437006.description": "",
                            "ingress.2541437006.from_port": "22",
                            "ingress.2541437006.ipv6_cidr_blocks.#": "0",
                            "ingress.2541437006.prefix_list_ids.#": "0",
                            "ingress.2541437006.protocol": "tcp",
                            "ingress.2541437006.security_groups.#": "0",
                            "ingress.2541437006.self": "false",
                            "ingress.2541437006.to_port": "22",
                            "ingress.25925669.cidr_blocks.#": "0",
                            "ingress.25925669.description": "",
                            "ingress.25925669.from_port": "8300",
                            "ingress.25925669.ipv6_cidr_blocks.#": "0",
                            "ingress.25925669.prefix_list_ids.#": "0",
                            "ingress.25925669.protocol": "tcp",
                            "ingress.25925669.security_groups.#": "0",
                            "ingress.25925669.self": "true",
                            "ingress.25925669.to_port": "8300",
                            "ingress.3856684939.cidr_blocks.#": "0",
                            "ingress.3856684939.description": "",
                            "ingress.3856684939.from_port": "8600",
                            "ingress.3856684939.ipv6_cidr_blocks.#": "0",
                            "ingress.3856684939.prefix_list_ids.#": "0",
                            "ingress.3856684939.protocol": "udp",
                            "ingress.3856684939.security_groups.#": "0",
                            "ingress.3856684939.self": "true",
                            "ingress.3856684939.to_port": "8600",
                            "ingress.3929124143.cidr_blocks.#": "0",
                            "ingress.3929124143.description": "",
                            "ingress.3929124143.from_port": "8301",
                            "ingress.3929124143.ipv6_cidr_blocks.#": "0",
                            "ingress.3929124143.prefix_list_ids.#": "0",
                            "ingress.3929124143.protocol": "udp",
                            "ingress.3929124143.security_groups.#": "0",
                            "ingress.3929124143.self": "true",
                            "ingress.3929124143.to_port": "8302",
                            "ingress.4153389173.cidr_blocks.#": "0",
                            "ingress.4153389173.description": "",
                            "ingress.4153389173.from_port": "8301",
                            "ingress.4153389173.ipv6_cidr_blocks.#": "0",
                            "ingress.4153389173.prefix_list_ids.#": "0",
                            "ingress.4153389173.protocol": "tcp",
                            "ingress.4153389173.security_groups.#": "0",
                            "ingress.4153389173.self": "true",
                            "ingress.4153389173.to_port": "8302",
                            "ingress.4166929105.cidr_blocks.#": "0",
                            "ingress.4166929105.description": "",
                            "ingress.4166929105.from_port": "8600",
                            "ingress.4166929105.ipv6_cidr_blocks.#": "0",
                            "ingress.4166929105.prefix_list_ids.#": "0",
                            "ingress.4166929105.protocol": "tcp",
                            "ingress.4166929105.security_groups.#": "0",
                            "ingress.4166929105.self": "true",
                            "ingress.4166929105.to_port": "8600",
                            "ingress.4284599919.cidr_blocks.#": "0",
                            "ingress.4284599919.description": "",
                            "ingress.4284599919.from_port": "8200",
                            "ingress.4284599919.ipv6_cidr_blocks.#": "0",
                            "ingress.4284599919.prefix_list_ids.#": "0",
                            "ingress.4284599919.protocol": "tcp",
                            "ingress.4284599919.security_groups.#": "1",
                            "ingress.4284599919.security_groups.3366648932": "sg-0e1b80273f146cbee",
                            "ingress.4284599919.self": "false",
                            "ingress.4284599919.to_port": "8200",
                            "name": "mattspeters-benchmark-vault-sg",
                            "owner_id": "753646501470",
                            "revoke_rules_on_delete": "false",
                            "tags.%": "0",
                            "vpc_id": "vpc-096fc2379b384b480"
                        },
                        "meta": {
                            "e2bfb730-ecaa-11e6-8f88-34363bc7c4c0": {
                                "create": 600000000000,
                                "delete": 600000000000
                            },
                            "schema_version": "1"
                        },
                        "tainted": false
                    },
                    "deposed": [],
                    "provider": "provider.aws"
                },
                "aws_security_group.vault_elb": {
                    "type": "aws_security_group",
                    "depends_on": [],
                    "primary": {
                        "id": "sg-0e1b80273f146cbee",
                        "attributes": {
                            "arn": "arn:aws:ec2:us-east-1:753646501470:security-group/sg-0e1b80273f146cbee",
                            "description": "Vault ELB",
                            "egress.#": "2",
                            "egress.1732712209.cidr_blocks.#": "0",
                            "egress.1732712209.description": "",
                            "egress.1732712209.from_port": "8500",
                            "egress.1732712209.ipv6_cidr_blocks.#": "0",
                            "egress.1732712209.prefix_list_ids.#": "0",
                            "egress.1732712209.protocol": "tcp",
                            "egress.1732712209.security_groups.#": "1",
                            "egress.1732712209.security_groups.4044537274": "sg-0adbecd939f0bb8f8",
                            "egress.1732712209.self": "false",
                            "egress.1732712209.to_port": "8500",
                            "egress.2654177789.cidr_blocks.#": "0",
                            "egress.2654177789.description": "",
                            "egress.2654177789.from_port": "8200",
                            "egress.2654177789.ipv6_cidr_blocks.#": "0",
                            "egress.2654177789.prefix_list_ids.#": "0",
                            "egress.2654177789.protocol": "tcp",
                            "egress.2654177789.security_groups.#": "1",
                            "egress.2654177789.security_groups.4044537274": "sg-0adbecd939f0bb8f8",
                            "egress.2654177789.self": "false",
                            "egress.2654177789.to_port": "8200",
                            "id": "sg-0e1b80273f146cbee",
                            "ingress.#": "2",
                            "ingress.216457426.cidr_blocks.#": "1",
                            "ingress.216457426.cidr_blocks.0": "0.0.0.0/0",
                            "ingress.216457426.description": "",
                            "ingress.216457426.from_port": "8200",
                            "ingress.216457426.ipv6_cidr_blocks.#": "0",
                            "ingress.216457426.prefix_list_ids.#": "0",
                            "ingress.216457426.protocol": "tcp",
                            "ingress.216457426.security_groups.#": "0",
                            "ingress.216457426.self": "false",
                            "ingress.216457426.to_port": "8200",
                            "ingress.3482902040.cidr_blocks.#": "1",
                            "ingress.3482902040.cidr_blocks.0": "0.0.0.0/0",
                            "ingress.3482902040.description": "",
                            "ingress.3482902040.from_port": "8500",
                            "ingress.3482902040.ipv6_cidr_blocks.#": "0",
                            "ingress.3482902040.prefix_list_ids.#": "0",
                            "ingress.3482902040.protocol": "tcp",
                            "ingress.3482902040.security_groups.#": "0",
                            "ingress.3482902040.self": "false",
                            "ingress.3482902040.to_port": "8500",
                            "name": "mattspeters-benchmark-vault-elb",
                            "owner_id": "753646501470",
                            "revoke_rules_on_delete": "false",
                            "tags.%": "0",
                            "vpc_id": "vpc-096fc2379b384b480"
                        },
                        "meta": {
                            "e2bfb730-ecaa-11e6-8f88-34363bc7c4c0": {
                                "create": 600000000000,
                                "delete": 600000000000
                            },
                            "schema_version": "1"
                        },
                        "tainted": false
                    },
                    "deposed": [],
                    "provider": "provider.aws"
                },
                "aws_security_group_rule.consul_dns_tcp": {
                    "type": "aws_security_group_rule",
                    "depends_on": [
                        "aws_security_group.vault"
                    ],
                    "primary": {
                        "id": "sgrule-2668668200",
                        "attributes": {
                            "cidr_blocks.#": "0",
                            "description": "",
                            "from_port": "8600",
                            "id": "sgrule-2668668200",
                            "ipv6_cidr_blocks.#": "0",
                            "prefix_list_ids.#": "0",
                            "protocol": "tcp",
                            "security_group_id": "sg-0adbecd939f0bb8f8",
                            "self": "false",
                            "source_security_group_id": "sg-0adbecd939f0bb8f8",
                            "to_port": "8600",
                            "type": "ingress"
                        },
                        "meta": {
                            "schema_version": "2"
                        },
                        "tainted": false
                    },
                    "deposed": [],
                    "provider": "provider.aws"
                },
                "aws_security_group_rule.consul_dns_udp": {
                    "type": "aws_security_group_rule",
                    "depends_on": [
                        "aws_security_group.vault"
                    ],
                    "primary": {
                        "id": "sgrule-995034823",
                        "attributes": {
                            "cidr_blocks.#": "0",
                            "description": "",
                            "from_port": "8600",
                            "id": "sgrule-995034823",
                            "ipv6_cidr_blocks.#": "0",
                            "prefix_list_ids.#": "0",
                            "protocol": "udp",
                            "security_group_id": "sg-0adbecd939f0bb8f8",
                            "self": "false",
                            "source_security_group_id": "sg-0adbecd939f0bb8f8",
                            "to_port": "8600",
                            "type": "ingress"
                        },
                        "meta": {
                            "schema_version": "2"
                        },
                        "tainted": false
                    },
                    "deposed": [],
                    "provider": "provider.aws"
                },
                "aws_security_group_rule.consul_elb_access": {
                    "type": "aws_security_group_rule",
                    "depends_on": [
                        "aws_security_group.vault",
                        "aws_security_group.vault_elb"
                    ],
                    "primary": {
                        "id": "sgrule-95166061",
                        "attributes": {
                            "cidr_blocks.#": "0",
                            "description": "",
                            "from_port": "8500",
                            "id": "sgrule-95166061",
                            "ipv6_cidr_blocks.#": "0",
                            "prefix_list_ids.#": "0",
                            "protocol": "tcp",
                            "security_group_id": "sg-0adbecd939f0bb8f8",
                            "self": "false",
                            "source_security_group_id": "sg-0e1b80273f146cbee",
                            "to_port": "8500",
                            "type": "ingress"
                        },
                        "meta": {
                            "schema_version": "2"
                        },
                        "tainted": false
                    },
                    "deposed": [],
                    "provider": "provider.aws"
                },
                "aws_security_group_rule.consul_elb_http": {
                    "type": "aws_security_group_rule",
                    "depends_on": [
                        "aws_security_group.vault_elb"
                    ],
                    "primary": {
                        "id": "sgrule-1484169569",
                        "attributes": {
                            "cidr_blocks.#": "1",
                            "cidr_blocks.0": "0.0.0.0/0",
                            "description": "",
                            "from_port": "8500",
                            "id": "sgrule-1484169569",
                            "ipv6_cidr_blocks.#": "0",
                            "prefix_list_ids.#": "0",
                            "protocol": "tcp",
                            "security_group_id": "sg-0e1b80273f146cbee",
                            "self": "false",
                            "to_port": "8500",
                            "type": "ingress"
                        },
                        "meta": {
                            "schema_version": "2"
                        },
                        "tainted": false
                    },
                    "deposed": [],
                    "provider": "provider.aws"
                },
                "aws_security_group_rule.consul_rpc": {
                    "type": "aws_security_group_rule",
                    "depends_on": [
                        "aws_security_group.vault"
                    ],
                    "primary": {
                        "id": "sgrule-3372584663",
                        "attributes": {
                            "cidr_blocks.#": "0",
                            "description": "",
                            "from_port": "8300",
                            "id": "sgrule-3372584663",
                            "ipv6_cidr_blocks.#": "0",
                            "prefix_list_ids.#": "0",
                            "protocol": "tcp",
                            "security_group_id": "sg-0adbecd939f0bb8f8",
                            "self": "false",
                            "source_security_group_id": "sg-0adbecd939f0bb8f8",
                            "to_port": "8300",
                            "type": "ingress"
                        },
                        "meta": {
                            "schema_version": "2"
                        },
                        "tainted": false
                    },
                    "deposed": [],
                    "provider": "provider.aws"
                },
                "aws_security_group_rule.vault_cluster": {
                    "type": "aws_security_group_rule",
                    "depends_on": [
                        "aws_security_group.vault"
                    ],
                    "primary": {
                        "id": "sgrule-2130297338",
                        "attributes": {
                            "cidr_blocks.#": "0",
                            "description": "",
                            "from_port": "8201",
                            "id": "sgrule-2130297338",
                            "ipv6_cidr_blocks.#": "0",
                            "prefix_list_ids.#": "0",
                            "protocol": "tcp",
                            "security_group_id": "sg-0adbecd939f0bb8f8",
                            "self": "false",
                            "source_security_group_id": "sg-0adbecd939f0bb8f8",
                            "to_port": "8201",
                            "type": "ingress"
                        },
                        "meta": {
                            "schema_version": "2"
                        },
                        "tainted": false
                    },
                    "deposed": [],
                    "provider": "provider.aws"
                },
                "aws_security_group_rule.vault_consul_serf_tcp": {
                    "type": "aws_security_group_rule",
                    "depends_on": [
                        "aws_security_group.vault"
                    ],
                    "primary": {
                        "id": "sgrule-3498225949",
                        "attributes": {
                            "cidr_blocks.#": "0",
                            "description": "",
                            "from_port": "8301",
                            "id": "sgrule-3498225949",
                            "ipv6_cidr_blocks.#": "0",
                            "prefix_list_ids.#": "0",
                            "protocol": "tcp",
                            "security_group_id": "sg-0adbecd939f0bb8f8",
                            "self": "false",
                            "source_security_group_id": "sg-0adbecd939f0bb8f8",
                            "to_port": "8302",
                            "type": "ingress"
                        },
                        "meta": {
                            "schema_version": "2"
                        },
                        "tainted": false
                    },
                    "deposed": [],
                    "provider": "provider.aws"
                },
                "aws_security_group_rule.vault_consul_serf_udp": {
                    "type": "aws_security_group_rule",
                    "depends_on": [
                        "aws_security_group.vault"
                    ],
                    "primary": {
                        "id": "sgrule-1960645362",
                        "attributes": {
                            "cidr_blocks.#": "0",
                            "description": "",
                            "from_port": "8301",
                            "id": "sgrule-1960645362",
                            "ipv6_cidr_blocks.#": "0",
                            "prefix_list_ids.#": "0",
                            "protocol": "udp",
                            "security_group_id": "sg-0adbecd939f0bb8f8",
                            "self": "false",
                            "source_security_group_id": "sg-0adbecd939f0bb8f8",
                            "to_port": "8302",
                            "type": "ingress"
                        },
                        "meta": {
                            "schema_version": "2"
                        },
                        "tainted": false
                    },
                    "deposed": [],
                    "provider": "provider.aws"
                },
                "aws_security_group_rule.vault_elb_access": {
                    "type": "aws_security_group_rule",
                    "depends_on": [
                        "aws_security_group.vault",
                        "aws_security_group.vault_elb"
                    ],
                    "primary": {
                        "id": "sgrule-503195105",
                        "attributes": {
                            "cidr_blocks.#": "0",
                            "description": "",
                            "from_port": "8200",
                            "id": "sgrule-503195105",
                            "ipv6_cidr_blocks.#": "0",
                            "prefix_list_ids.#": "0",
                            "protocol": "tcp",
                            "security_group_id": "sg-0adbecd939f0bb8f8",
                            "self": "false",
                            "source_security_group_id": "sg-0e1b80273f146cbee",
                            "to_port": "8200",
                            "type": "ingress"
                        },
                        "meta": {
                            "schema_version": "2"
                        },
                        "tainted": false
                    },
                    "deposed": [],
                    "provider": "provider.aws"
                },
                "aws_security_group_rule.vault_elb_egress_to_consul": {
                    "type": "aws_security_group_rule",
                    "depends_on": [
                        "aws_security_group.vault",
                        "aws_security_group.vault_elb"
                    ],
                    "primary": {
                        "id": "sgrule-2657766985",
                        "attributes": {
                            "cidr_blocks.#": "0",
                            "description": "",
                            "from_port": "8500",
                            "id": "sgrule-2657766985",
                            "ipv6_cidr_blocks.#": "0",
                            "prefix_list_ids.#": "0",
                            "protocol": "tcp",
                            "security_group_id": "sg-0e1b80273f146cbee",
                            "self": "false",
                            "source_security_group_id": "sg-0adbecd939f0bb8f8",
                            "to_port": "8500",
                            "type": "egress"
                        },
                        "meta": {
                            "schema_version": "2"
                        },
                        "tainted": false
                    },
                    "deposed": [],
                    "provider": "provider.aws"
                },
                "aws_security_group_rule.vault_elb_egress_to_vault": {
                    "type": "aws_security_group_rule",
                    "depends_on": [
                        "aws_security_group.vault",
                        "aws_security_group.vault_elb"
                    ],
                    "primary": {
                        "id": "sgrule-2065085854",
                        "attributes": {
                            "cidr_blocks.#": "0",
                            "description": "",
                            "from_port": "8200",
                            "id": "sgrule-2065085854",
                            "ipv6_cidr_blocks.#": "0",
                            "prefix_list_ids.#": "0",
                            "protocol": "tcp",
                            "security_group_id": "sg-0e1b80273f146cbee",
                            "self": "false",
                            "source_security_group_id": "sg-0adbecd939f0bb8f8",
                            "to_port": "8200",
                            "type": "egress"
                        },
                        "meta": {
                            "schema_version": "2"
                        },
                        "tainted": false
                    },
                    "deposed": [],
                    "provider": "provider.aws"
                },
                "aws_security_group_rule.vault_elb_http": {
                    "type": "aws_security_group_rule",
                    "depends_on": [
                        "aws_security_group.vault_elb"
                    ],
                    "primary": {
                        "id": "sgrule-2818719856",
                        "attributes": {
                            "cidr_blocks.#": "1",
                            "cidr_blocks.0": "0.0.0.0/0",
                            "description": "",
                            "from_port": "8200",
                            "id": "sgrule-2818719856",
                            "ipv6_cidr_blocks.#": "0",
                            "prefix_list_ids.#": "0",
                            "protocol": "tcp",
                            "security_group_id": "sg-0e1b80273f146cbee",
                            "self": "false",
                            "to_port": "8200",
                            "type": "ingress"
                        },
                        "meta": {
                            "schema_version": "2"
                        },
                        "tainted": false
                    },
                    "deposed": [],
                    "provider": "provider.aws"
                },
                "aws_security_group_rule.vault_external_egress": {
                    "type": "aws_security_group_rule",
                    "depends_on": [
                        "aws_security_group.vault"
                    ],
                    "primary": {
                        "id": "sgrule-1857763468",
                        "attributes": {
                            "cidr_blocks.#": "1",
                            "cidr_blocks.0": "0.0.0.0/0",
                            "description": "",
                            "from_port": "443",
                            "id": "sgrule-1857763468",
                            "ipv6_cidr_blocks.#": "0",
                            "prefix_list_ids.#": "0",
                            "protocol": "tcp",
                            "security_group_id": "sg-0adbecd939f0bb8f8",
                            "self": "false",
                            "to_port": "443",
                            "type": "egress"
                        },
                        "meta": {
                            "schema_version": "2"
                        },
                        "tainted": false
                    },
                    "deposed": [],
                    "provider": "provider.aws"
                },
                "aws_security_group_rule.vault_internal_egress": {
                    "type": "aws_security_group_rule",
                    "depends_on": [
                        "aws_security_group.vault"
                    ],
                    "primary": {
                        "id": "sgrule-3857705116",
                        "attributes": {
                            "cidr_blocks.#": "0",
                            "description": "",
                            "from_port": "8200",
                            "id": "sgrule-3857705116",
                            "ipv6_cidr_blocks.#": "0",
                            "prefix_list_ids.#": "0",
                            "protocol": "tcp",
                            "security_group_id": "sg-0adbecd939f0bb8f8",
                            "self": "false",
                            "source_security_group_id": "sg-0adbecd939f0bb8f8",
                            "to_port": "8600",
                            "type": "egress"
                        },
                        "meta": {
                            "schema_version": "2"
                        },
                        "tainted": false
                    },
                    "deposed": [],
                    "provider": "provider.aws"
                },
                "aws_security_group_rule.vault_ssh": {
                    "type": "aws_security_group_rule",
                    "depends_on": [
                        "aws_security_group.vault"
                    ],
                    "primary": {
                        "id": "sgrule-1006520298",
                        "attributes": {
                            "cidr_blocks.#": "1",
                            "cidr_blocks.0": "0.0.0.0/0",
                            "description": "",
                            "from_port": "22",
                            "id": "sgrule-1006520298",
                            "ipv6_cidr_blocks.#": "0",
                            "prefix_list_ids.#": "0",
                            "protocol": "tcp",
                            "security_group_id": "sg-0adbecd939f0bb8f8",
                            "self": "false",
                            "to_port": "22",
                            "type": "ingress"
                        },
                        "meta": {
                            "schema_version": "2"
                        },
                        "tainted": false
                    },
                    "deposed": [],
                    "provider": "provider.aws"
                },
                "data.aws_iam_policy_document.auto_discover_cluster": {
                    "type": "aws_iam_policy_document",
                    "depends_on": [],
                    "primary": {
                        "id": "638072103",
                        "attributes": {
                            "id": "638072103",
                            "json": "{\n  \"Version\": \"2012-10-17\",\n  \"Statement\": [\n    {\n      \"Sid\": \"\",\n      \"Effect\": \"Allow\",\n      \"Action\": \"ec2:DescribeInstances\",\n      \"Resource\": \"*\"\n    }\n  ]\n}",
                            "statement.#": "1",
                            "statement.0.actions.#": "1",
                            "statement.0.actions.3466923763": "ec2:DescribeInstances",
                            "statement.0.condition.#": "0",
                            "statement.0.effect": "Allow",
                            "statement.0.not_actions.#": "0",
                            "statement.0.not_principals.#": "0",
                            "statement.0.not_resources.#": "0",
                            "statement.0.principals.#": "0",
                            "statement.0.resources.#": "1",
                            "statement.0.resources.2679715827": "*",
                            "statement.0.sid": "",
                            "version": "2012-10-17"
                        },
                        "meta": {},
                        "tainted": false
                    },
                    "deposed": [],
                    "provider": "provider.aws"
                },
                "data.aws_iam_policy_document.instance_role": {
                    "type": "aws_iam_policy_document",
                    "depends_on": [],
                    "primary": {
                        "id": "1903849331",
                        "attributes": {
                            "id": "1903849331",
                            "json": "{\n  \"Version\": \"2012-10-17\",\n  \"Statement\": [\n    {\n      \"Sid\": \"\",\n      \"Effect\": \"Allow\",\n      \"Action\": \"sts:AssumeRole\",\n      \"Principal\": {\n        \"Service\": \"ec2.amazonaws.com\"\n      }\n    }\n  ]\n}",
                            "statement.#": "1",
                            "statement.0.actions.#": "1",
                            "statement.0.actions.2528466339": "sts:AssumeRole",
                            "statement.0.condition.#": "0",
                            "statement.0.effect": "Allow",
                            "statement.0.not_actions.#": "0",
                            "statement.0.not_principals.#": "0",
                            "statement.0.not_resources.#": "0",
                            "statement.0.principals.#": "1",
                            "statement.0.principals.1134724139.identifiers.#": "1",
                            "statement.0.principals.1134724139.identifiers.3655884555": "ec2.amazonaws.com",
                            "statement.0.principals.1134724139.type": "Service",
                            "statement.0.resources.#": "0",
                            "statement.0.sid": "",
                            "version": "2012-10-17"
                        },
                        "meta": {},
                        "tainted": false
                    },
                    "deposed": [],
                    "provider": "provider.aws"
                },
                "data.template_file.install_consul": {
                    "type": "template_file",
                    "depends_on": [],
                    "primary": {
                        "id": "e918de1db56ccfd14236bf217c5d754a2db8caeed0900d8e973844c5d379ffe3",
                        "attributes": {
                            "id": "e918de1db56ccfd14236bf217c5d754a2db8caeed0900d8e973844c5d379ffe3",
                            "rendered": "#!/usr/bin/env bash\nset -e\n\n# Install packages\nsudo yum -y install unzip\n\n# Download Consul into some temporary directory\ncurl -L \"https://s3-us-west-2.amazonaws.com/hc-enterprise-binaries/consul/ent/1.5.0/consul-enterprise_1.5.0%2Bent_linux_amd64.zip\" \u003e /tmp/consul.zip\n\n# Unzip it\ncd /tmp\nsudo unzip consul.zip\nsudo mv consul /usr/local/bin\nsudo chmod 0755 /usr/local/bin/consul\nsudo chown root:root /usr/local/bin/consul\n\n# Setup the configuration\ncat \u003c\u003cEOF \u003e/tmp/consul-config\n{\n  \"log_level\": \"INFO\",\n  \"server\": true,\n  \"ui\": true,\n  \"data_dir\": \"/opt/consul/data\",\n  \"bind_addr\": \"0.0.0.0\",\n  \"client_addr\": \"0.0.0.0\",\n  \"advertise_addr\": \"IP_ADDRESS\",\n  \"bootstrap_expect\": CONSUL_NODES,\n  \"retry_join\": [\"provider=aws tag_key=ConsulAutoJoin tag_value=TAG_VALUE region=us-east-1\"],\n  \"enable_syslog\": true,\n  \"service\": {\n    \"name\": \"consul\"\n  },\n  \"performance\": {\n    \"raft_multiplier\": 1\n  }\n}\n\nEOF\nIP_ADDRESS=$(curl http://instance-data/latest/meta-data/local-ipv4)\nsed -i \"s/IP_ADDRESS/$IP_ADDRESS/g\" /tmp/consul-config\nsed -i \"s/TAG_VALUE/matts-benchmark-cluster/g\" /tmp/consul-config\nsed -i \"s/CONSUL_NODES/5/g\" /tmp/consul-config\nsudo mkdir /etc/consul.d\nsudo mv /tmp/consul-config /etc/consul.d/consul-config.json\n\n# Setup the init script\ncat \u003c\u003cEOF \u003e/tmp/systemd\n[Unit]\nDescription=Consul Agent\nRequires=network-online.target\nAfter=network-online.target\n\n[Service]\nRestart=on-failure\nEnvironmentFile=/etc/consul.d/consul-config.json\nExecStart=/usr/local/bin/consul agent -config-dir /etc/consul.d $FLAGS\nExecReload=/bin/kill -HUP $MAINPID\nKillSignal=SIGTERM\nUser=root\nGroup=root\nLimitNOFILE=8192\n\n[Install]\nWantedBy=multi-user.target\nEOF\n\nsudo mv /tmp/systemd /etc/systemd/system/consul.service\nsudo chmod 0664 /etc/systemd/system/consul.service\n\nsudo mkdir -pm 0755 /opt/consul/data\n\n# Start Consul\nsudo systemctl enable consul\nsudo systemctl start consul\n",
                            "template": "#!/usr/bin/env bash\nset -e\n\n# Install packages\n${install_unzip}\n\n# Download Consul into some temporary directory\ncurl -L \"${consul_download_url}\" \u003e /tmp/consul.zip\n\n# Unzip it\ncd /tmp\nsudo unzip consul.zip\nsudo mv consul /usr/local/bin\nsudo chmod 0755 /usr/local/bin/consul\nsudo chown root:root /usr/local/bin/consul\n\n# Setup the configuration\ncat \u003c\u003cEOF \u003e/tmp/consul-config\n${consul_config}\nEOF\nIP_ADDRESS=$(curl http://instance-data/latest/meta-data/local-ipv4)\nsed -i \"s/IP_ADDRESS/$IP_ADDRESS/g\" /tmp/consul-config\nsed -i \"s/TAG_VALUE/${tag_value}/g\" /tmp/consul-config\nsed -i \"s/CONSUL_NODES/${consul_nodes}/g\" /tmp/consul-config\nsudo mkdir /etc/consul.d\nsudo mv /tmp/consul-config /etc/consul.d/consul-config.json\n\n# Setup the init script\ncat \u003c\u003cEOF \u003e/tmp/systemd\n[Unit]\nDescription=Consul Agent\nRequires=network-online.target\nAfter=network-online.target\n\n[Service]\nRestart=on-failure\nEnvironmentFile=/etc/consul.d/consul-config.json\nExecStart=/usr/local/bin/consul agent -config-dir /etc/consul.d $FLAGS\nExecReload=/bin/kill -HUP $MAINPID\nKillSignal=SIGTERM\nUser=root\nGroup=root\nLimitNOFILE=8192\n\n[Install]\nWantedBy=multi-user.target\nEOF\n\nsudo mv /tmp/systemd /etc/systemd/system/consul.service\nsudo chmod 0664 /etc/systemd/system/consul.service\n\nsudo mkdir -pm 0755 /opt/consul/data\n\n# Start Consul\nsudo systemctl enable consul\nsudo systemctl start consul\n",
                            "vars.%": "5",
                            "vars.consul_config": "{\n  \"log_level\": \"INFO\",\n  \"server\": true,\n  \"ui\": true,\n  \"data_dir\": \"/opt/consul/data\",\n  \"bind_addr\": \"0.0.0.0\",\n  \"client_addr\": \"0.0.0.0\",\n  \"advertise_addr\": \"IP_ADDRESS\",\n  \"bootstrap_expect\": CONSUL_NODES,\n  \"retry_join\": [\"provider=aws tag_key=ConsulAutoJoin tag_value=TAG_VALUE region=us-east-1\"],\n  \"enable_syslog\": true,\n  \"service\": {\n    \"name\": \"consul\"\n  },\n  \"performance\": {\n    \"raft_multiplier\": 1\n  }\n}\n",
                            "vars.consul_download_url": "https://s3-us-west-2.amazonaws.com/hc-enterprise-binaries/consul/ent/1.5.0/consul-enterprise_1.5.0%2Bent_linux_amd64.zip",
                            "vars.consul_nodes": "5",
                            "vars.install_unzip": "sudo yum -y install unzip",
                            "vars.tag_value": "matts-benchmark-cluster"
                        },
                        "meta": {},
                        "tainted": false
                    },
                    "deposed": [],
                    "provider": "provider.template"
                },
                "data.template_file.install_vault": {
                    "type": "template_file",
                    "depends_on": [],
                    "primary": {
                        "id": "d9661df76f7b9b563d6cbc11570a11d012448bfc7368ddc2ec7799d459809a66",
                        "attributes": {
                            "id": "d9661df76f7b9b563d6cbc11570a11d012448bfc7368ddc2ec7799d459809a66",
                            "rendered": "#!/usr/bin/env bash\nset -e\n\n# Install packages\nsudo yum -y install unzip\n\n# Download Vault into some temporary directory\ncurl -L \"https://s3-us-west-2.amazonaws.com/hc-enterprise-binaries/vault/ent/1.1.2/vault-enterprise_1.1.2%2Bent_linux_amd64.zip\" \u003e /tmp/vault.zip\n\n# Unzip it\ncd /tmp\nsudo unzip vault.zip\nsudo mv vault /usr/local/bin\nsudo chmod 0755 /usr/local/bin/vault\nsudo chown root:root /usr/local/bin/vault\nsudo setcap cap_ipc_lock=+ep /usr/local/bin/vault\n\n# Setup the configuration\ncat \u003c\u003cEOF \u003e/tmp/vault-config\nlistener \"tcp\" {\n  address     = \"0.0.0.0:8200\"\n  tls_disable = 1\n}\n  storage \"consul\" {\n  address = \"127.0.0.1:8500\"\n  path    = \"vault/\"\n}\nui=true\n\nEOF\nsudo mkdir /etc/vault.d\nsudo mv /tmp/vault-config /etc/vault.d/vault-config.json\n\n# Setup the init script\ncat \u003c\u003cEOF \u003e/tmp/systemd\n[Unit]\nDescription=Vault Agent\nRequires=consul.service\nAfter=consul.service\n\n[Service]\nRestart=on-failure\nEnvironmentFile=/etc/vault.d/vault-config.json\nPermissionsStartOnly=true\nExecStartPre=/sbin/setcap 'cap_ipc_lock=+ep' /usr/local/bin/vault\nExecStart=/usr/local/bin/vault server -config /etc/vault.d $FLAGS\nExecReload=/bin/kill -HUP $MAINPID\nKillSignal=SIGTERM\nUser=root\nGroup=root\nLimitMEMLOCK=infinity\nLimitNOFILE=8192\n\n[Install]\nWantedBy=multi-user.target\nEOF\n\nsudo mv /tmp/systemd /etc/systemd/system/vault.service\nsudo chmod 0664 /etc/systemd/system/vault.service\n\n# Download Consul into some temporary directory\ncurl -L \"https://s3-us-west-2.amazonaws.com/hc-enterprise-binaries/consul/ent/1.5.0/consul-enterprise_1.5.0%2Bent_linux_amd64.zip\" \u003e /tmp/consul.zip\n\n# Unzip it\ncd /tmp\nsudo unzip consul.zip\nsudo mv consul /usr/local/bin\nsudo chmod 0755 /usr/local/bin/consul\nsudo chown root:root /usr/local/bin/consul\n\n# Setup the configuration\ncat \u003c\u003cEOF \u003e/tmp/consul-config\n{\n  \"log_level\": \"INFO\",\n  \"server\": false,\n  \"data_dir\": \"/opt/consul/data\",\n  \"bind_addr\": \"IP_ADDRESS\",\n  \"client_addr\": \"127.0.0.1\",\n  \"retry_join\": [\"provider=aws tag_key=ConsulAutoJoin tag_value=TAG_VALUE region=us-east-1\"],\n  \"enable_syslog\": true,\n  \"service\": {\n    \"name\": \"consul-client\"\n  },\n  \"performance\": {\n    \"raft_multiplier\": 1\n  }\n}\n\nEOF\nIP_ADDRESS=$(curl http://instance-data/latest/meta-data/local-ipv4)\nsed -i \"s/IP_ADDRESS/$IP_ADDRESS/g\" /tmp/consul-config\nsed -i \"s/TAG_VALUE/matts-benchmark-cluster/g\" /tmp/consul-config\nsudo mkdir /etc/consul.d\nsudo mv /tmp/consul-config /etc/consul.d/consul-config.json\n\n# Setup the init script\ncat \u003c\u003cEOF \u003e/tmp/systemd\n[Unit]\nDescription=Consul Agent\nRequires=network-online.target\nAfter=network-online.target\n\n[Service]\nRestart=on-failure\nEnvironmentFile=/etc/consul.d/consul-config.json\nExecStart=/usr/local/bin/consul agent -config-dir /etc/consul.d $FLAGS\nExecReload=/bin/kill -HUP $MAINPID\nKillSignal=SIGTERM\nUser=root\nGroup=root\nLimitNOFILE=8192\n\n[Install]\nWantedBy=multi-user.target\nEOF\n\nsudo mv /tmp/systemd /etc/systemd/system/consul.service\nsudo chmod 0664 /etc/systemd/system/consul.service\n\nsudo mkdir -pm 0755 /opt/consul/data\n\n# Start Consul\nsudo systemctl enable consul\nsudo systemctl start consul\n\n# Start Vault\nsudo systemctl enable vault\nsudo systemctl start vault\n",
                            "template": "#!/usr/bin/env bash\nset -e\n\n# Install packages\n${install_unzip}\n\n# Download Vault into some temporary directory\ncurl -L \"${vault_download_url}\" \u003e /tmp/vault.zip\n\n# Unzip it\ncd /tmp\nsudo unzip vault.zip\nsudo mv vault /usr/local/bin\nsudo chmod 0755 /usr/local/bin/vault\nsudo chown root:root /usr/local/bin/vault\nsudo setcap cap_ipc_lock=+ep /usr/local/bin/vault\n\n# Setup the configuration\ncat \u003c\u003cEOF \u003e/tmp/vault-config\n${vault_config}\nEOF\nsudo mkdir /etc/vault.d\nsudo mv /tmp/vault-config /etc/vault.d/vault-config.json\n\n# Setup the init script\ncat \u003c\u003cEOF \u003e/tmp/systemd\n[Unit]\nDescription=Vault Agent\nRequires=consul.service\nAfter=consul.service\n\n[Service]\nRestart=on-failure\nEnvironmentFile=/etc/vault.d/vault-config.json\nPermissionsStartOnly=true\nExecStartPre=/sbin/setcap 'cap_ipc_lock=+ep' /usr/local/bin/vault\nExecStart=/usr/local/bin/vault server -config /etc/vault.d $FLAGS\nExecReload=/bin/kill -HUP $MAINPID\nKillSignal=SIGTERM\nUser=root\nGroup=root\nLimitMEMLOCK=infinity\nLimitNOFILE=8192\n\n[Install]\nWantedBy=multi-user.target\nEOF\n\nsudo mv /tmp/systemd /etc/systemd/system/vault.service\nsudo chmod 0664 /etc/systemd/system/vault.service\n\n# Download Consul into some temporary directory\ncurl -L \"${consul_download_url}\" \u003e /tmp/consul.zip\n\n# Unzip it\ncd /tmp\nsudo unzip consul.zip\nsudo mv consul /usr/local/bin\nsudo chmod 0755 /usr/local/bin/consul\nsudo chown root:root /usr/local/bin/consul\n\n# Setup the configuration\ncat \u003c\u003cEOF \u003e/tmp/consul-config\n${consul_config}\nEOF\nIP_ADDRESS=$(curl http://instance-data/latest/meta-data/local-ipv4)\nsed -i \"s/IP_ADDRESS/$IP_ADDRESS/g\" /tmp/consul-config\nsed -i \"s/TAG_VALUE/${tag_value}/g\" /tmp/consul-config\nsudo mkdir /etc/consul.d\nsudo mv /tmp/consul-config /etc/consul.d/consul-config.json\n\n# Setup the init script\ncat \u003c\u003cEOF \u003e/tmp/systemd\n[Unit]\nDescription=Consul Agent\nRequires=network-online.target\nAfter=network-online.target\n\n[Service]\nRestart=on-failure\nEnvironmentFile=/etc/consul.d/consul-config.json\nExecStart=/usr/local/bin/consul agent -config-dir /etc/consul.d $FLAGS\nExecReload=/bin/kill -HUP $MAINPID\nKillSignal=SIGTERM\nUser=root\nGroup=root\nLimitNOFILE=8192\n\n[Install]\nWantedBy=multi-user.target\nEOF\n\nsudo mv /tmp/systemd /etc/systemd/system/consul.service\nsudo chmod 0664 /etc/systemd/system/consul.service\n\nsudo mkdir -pm 0755 /opt/consul/data\n\n# Start Consul\nsudo systemctl enable consul\nsudo systemctl start consul\n\n# Start Vault\nsudo systemctl enable vault\nsudo systemctl start vault\n",
                            "vars.%": "6",
                            "vars.consul_config": "{\n  \"log_level\": \"INFO\",\n  \"server\": false,\n  \"data_dir\": \"/opt/consul/data\",\n  \"bind_addr\": \"IP_ADDRESS\",\n  \"client_addr\": \"127.0.0.1\",\n  \"retry_join\": [\"provider=aws tag_key=ConsulAutoJoin tag_value=TAG_VALUE region=us-east-1\"],\n  \"enable_syslog\": true,\n  \"service\": {\n    \"name\": \"consul-client\"\n  },\n  \"performance\": {\n    \"raft_multiplier\": 1\n  }\n}\n",
                            "vars.consul_download_url": "https://s3-us-west-2.amazonaws.com/hc-enterprise-binaries/consul/ent/1.5.0/consul-enterprise_1.5.0%2Bent_linux_amd64.zip",
                            "vars.install_unzip": "sudo yum -y install unzip",
                            "vars.tag_value": "matts-benchmark-cluster",
                            "vars.vault_config": "listener \"tcp\" {\n  address     = \"0.0.0.0:8200\"\n  tls_disable = 1\n}\n  storage \"consul\" {\n  address = \"127.0.0.1:8500\"\n  path    = \"vault/\"\n}\nui=true\n",
                            "vars.vault_download_url": "https://s3-us-west-2.amazonaws.com/hc-enterprise-binaries/vault/ent/1.1.2/vault-enterprise_1.1.2%2Bent_linux_amd64.zip"
                        },
                        "meta": {},
                        "tainted": false
                    },
                    "deposed": [],
                    "provider": "provider.template"
                }
            },
            "depends_on": []
        }
    ]
}
